// !$*UTF8*$!
{
	archiveVersion = 1;
	classes = {
	};
	objectVersion = 56;
	objects = {

/* Begin PBXBuildFile section */
		29410A4F2C240E0F00DA7333 /* ForEachIngredient.swift in Sources */ = {isa = PBXBuildFile; fileRef = 29410A4E2C240E0F00DA7333 /* ForEachIngredient.swift */; };
		2981F7552C20EB62001D31E9 /* UserData.swift in Sources */ = {isa = PBXBuildFile; fileRef = 2981F7542C20EB62001D31E9 /* UserData.swift */; };
		2981F7572C20EF77001D31E9 /* AddRecipeView.swift in Sources */ = {isa = PBXBuildFile; fileRef = 2981F7562C20EF77001D31E9 /* AddRecipeView.swift */; };
		29BF19C72C1E5F2400E00598 /* RecipeNonListViews.swift in Sources */ = {isa = PBXBuildFile; fileRef = 29BF19C62C1E5F2400E00598 /* RecipeNonListViews.swift */; };
		29BF19C92C1E621500E00598 /* RecipeListView.swift in Sources */ = {isa = PBXBuildFile; fileRef = 29BF19C82C1E621500E00598 /* RecipeListView.swift */; };
		29D0CD752C14211100701166 /* RecipeView.swift in Sources */ = {isa = PBXBuildFile; fileRef = 29D0CD742C14211100701166 /* RecipeView.swift */; };
		29D18AFD2C193DF00066A851 /* CategoryForEach.swift in Sources */ = {isa = PBXBuildFile; fileRef = 29D18AFC2C193DF00066A851 /* CategoryForEach.swift */; };
		29ED39C72C1265B8005ADD72 /* The_CookerApp.swift in Sources */ = {isa = PBXBuildFile; fileRef = 29ED39C62C1265B8005ADD72 /* The_CookerApp.swift */; };
		29ED39C92C1265B8005ADD72 /* SpecificCategoryScene.swift in Sources */ = {isa = PBXBuildFile; fileRef = 29ED39C82C1265B8005ADD72 /* SpecificCategoryScene.swift */; };
		29ED39CB2C1265B9005ADD72 /* Assets.xcassets in Resources */ = {isa = PBXBuildFile; fileRef = 29ED39CA2C1265B9005ADD72 /* Assets.xcassets */; };
		29ED39CE2C1265B9005ADD72 /* Preview Assets.xcassets in Resources */ = {isa = PBXBuildFile; fileRef = 29ED39CD2C1265B9005ADD72 /* Preview Assets.xcassets */; };
		29ED39D52C126848005ADD72 /* Recipe.swift in Sources */ = {isa = PBXBuildFile; fileRef = 29ED39D42C126848005ADD72 /* Recipe.swift */; };
		29F5D7492C16D4CC00DF04CD /* RecipeCategory.swift in Sources */ = {isa = PBXBuildFile; fileRef = 29F5D7482C16D4CC00DF04CD /* RecipeCategory.swift */; };
/* End PBXBuildFile section */

/* Begin PBXFileReference section */
		29410A4E2C240E0F00DA7333 /* ForEachIngredient.swift */ = {isa = PBXFileReference; lastKnownFileType = sourcecode.swift; path = ForEachIngredient.swift; sourceTree = "<group>"; };
		2981F7542C20EB62001D31E9 /* UserData.swift */ = {isa = PBXFileReference; lastKnownFileType = sourcecode.swift; path = UserData.swift; sourceTree = "<group>"; };
		2981F7562C20EF77001D31E9 /* AddRecipeView.swift */ = {isa = PBXFileReference; lastKnownFileType = sourcecode.swift; path = AddRecipeView.swift; sourceTree = "<group>"; };
		29BF19C62C1E5F2400E00598 /* RecipeNonListViews.swift */ = {isa = PBXFileReference; lastKnownFileType = sourcecode.swift; path = RecipeNonListViews.swift; sourceTree = "<group>"; };
		29BF19C82C1E621500E00598 /* RecipeListView.swift */ = {isa = PBXFileReference; lastKnownFileType = sourcecode.swift; path = RecipeListView.swift; sourceTree = "<group>"; };
		29D0CD742C14211100701166 /* RecipeView.swift */ = {isa = PBXFileReference; lastKnownFileType = sourcecode.swift; path = RecipeView.swift; sourceTree = "<group>"; };
		29D18AFC2C193DF00066A851 /* CategoryForEach.swift */ = {isa = PBXFileReference; lastKnownFileType = sourcecode.swift; path = CategoryForEach.swift; sourceTree = "<group>"; };
		29ED39C32C1265B8005ADD72 /* The Cooker.app */ = {isa = PBXFileReference; explicitFileType = wrapper.application; includeInIndex = 0; path = "The Cooker.app"; sourceTree = BUILT_PRODUCTS_DIR; };
		29ED39C62C1265B8005ADD72 /* The_CookerApp.swift */ = {isa = PBXFileReference; lastKnownFileType = sourcecode.swift; path = The_CookerApp.swift; sourceTree = "<group>"; };
		29ED39C82C1265B8005ADD72 /* SpecificCategoryScene.swift */ = {isa = PBXFileReference; lastKnownFileType = sourcecode.swift; path = SpecificCategoryScene.swift; sourceTree = "<group>"; };
		29ED39CA2C1265B9005ADD72 /* Assets.xcassets */ = {isa = PBXFileReference; lastKnownFileType = folder.assetcatalog; path = Assets.xcassets; sourceTree = "<group>"; };
		29ED39CD2C1265B9005ADD72 /* Preview Assets.xcassets */ = {isa = PBXFileReference; lastKnownFileType = folder.assetcatalog; path = "Preview Assets.xcassets"; sourceTree = "<group>"; };
		29ED39D42C126848005ADD72 /* Recipe.swift */ = {isa = PBXFileReference; lastKnownFileType = sourcecode.swift; path = Recipe.swift; sourceTree = "<group>"; };
		29F5D7482C16D4CC00DF04CD /* RecipeCategory.swift */ = {isa = PBXFileReference; lastKnownFileType = sourcecode.swift; path = RecipeCategory.swift; sourceTree = "<group>"; };
/* End PBXFileReference section */

/* Begin PBXFrameworksBuildPhase section */
		29ED39C02C1265B8005ADD72 /* Frameworks */ = {
			isa = PBXFrameworksBuildPhase;
			buildActionMask = 2147483647;
			files = (
			);
			runOnlyForDeploymentPostprocessing = 0;
		};
/* End PBXFrameworksBuildPhase section */

/* Begin PBXGroup section */
		29B4245D2C2006CD0057280A /* Views */ = {
			isa = PBXGroup;
			children = (
				29F5D7482C16D4CC00DF04CD /* RecipeCategory.swift */,
				2981F7562C20EF77001D31E9 /* AddRecipeView.swift */,
				29410A4E2C240E0F00DA7333 /* ForEachIngredient.swift */,
				29D18AFC2C193DF00066A851 /* CategoryForEach.swift */,
				29ED39C82C1265B8005ADD72 /* SpecificCategoryScene.swift */,
				29D0CD742C14211100701166 /* RecipeView.swift */,
				29BF19C62C1E5F2400E00598 /* RecipeNonListViews.swift */,
				29BF19C82C1E621500E00598 /* RecipeListView.swift */,
			);
			path = Views;
			sourceTree = "<group>";
		};
		29B4245E2C2007530057280A /* Model */ = {
			isa = PBXGroup;
			children = (
				29ED39D42C126848005ADD72 /* Recipe.swift */,
				2981F7542C20EB62001D31E9 /* UserData.swift */,
			);
			path = Model;
			sourceTree = "<group>";
		};
		29ED39BA2C1265B8005ADD72 = {
			isa = PBXGroup;
			children = (
				29ED39C52C1265B8005ADD72 /* The Cooker */,
				29ED39C42C1265B8005ADD72 /* Products */,
			);
			sourceTree = "<group>";
		};
		29ED39C42C1265B8005ADD72 /* Products */ = {
			isa = PBXGroup;
			children = (
				29ED39C32C1265B8005ADD72 /* The Cooker.app */,
			);
			name = Products;
			sourceTree = "<group>";
		};
		29ED39C52C1265B8005ADD72 /* The Cooker */ = {
			isa = PBXGroup;
			children = (
				29ED39C62C1265B8005ADD72 /* The_CookerApp.swift */,
				29B4245D2C2006CD0057280A /* Views */,
				29B4245E2C2007530057280A /* Model */,
				29ED39CA2C1265B9005ADD72 /* Assets.xcassets */,
				29ED39CC2C1265B9005ADD72 /* Preview Content */,
			);
			path = "The Cooker";
			sourceTree = "<group>";
		};
		29ED39CC2C1265B9005ADD72 /* Preview Content */ = {
			isa = PBXGroup;
			children = (
				29ED39CD2C1265B9005ADD72 /* Preview Assets.xcassets */,
			);
			path = "Preview Content";
			sourceTree = "<group>";
		};
/* End PBXGroup section */

/* Begin PBXNativeTarget section */
		29ED39C22C1265B8005ADD72 /* The Cooker */ = {
			isa = PBXNativeTarget;
			buildConfigurationList = 29ED39D12C1265B9005ADD72 /* Build configuration list for PBXNativeTarget "The Cooker" */;
			buildPhases = (
				29ED39BF2C1265B8005ADD72 /* Sources */,
				29ED39C02C1265B8005ADD72 /* Frameworks */,
				29ED39C12C1265B8005ADD72 /* Resources */,
			);
			buildRules = (
			);
			dependencies = (
			);
			name = "The Cooker";
			productName = "The Cooker";
			productReference = 29ED39C32C1265B8005ADD72 /* The Cooker.app */;
			productType = "com.apple.product-type.application";
		};
/* End PBXNativeTarget section */

/* Begin PBXProject section */
		29ED39BB2C1265B8005ADD72 /* Project object */ = {
			isa = PBXProject;
			attributes = {
				BuildIndependentTargetsInParallel = 1;
				LastSwiftUpdateCheck = 1540;
				LastUpgradeCheck = 1540;
				TargetAttributes = {
					29ED39C22C1265B8005ADD72 = {
						CreatedOnToolsVersion = 15.4;
					};
				};
			};
			buildConfigurationList = 29ED39BE2C1265B8005ADD72 /* Build configuration list for PBXProject "The Cooker" */;
			compatibilityVersion = "Xcode 14.0";
			developmentRegion = en;
			hasScannedForEncodings = 0;
			knownRegions = (
				en,
				Base,
			);
			mainGroup = 29ED39BA2C1265B8005ADD72;
			productRefGroup = 29ED39C42C1265B8005ADD72 /* Products */;
			projectDirPath = "";
			projectRoot = "";
			targets = (
				29ED39C22C1265B8005ADD72 /* The Cooker */,
			);
		};
/* End PBXProject section */

/* Begin PBXResourcesBuildPhase section */
		29ED39C12C1265B8005ADD72 /* Resources */ = {
			isa = PBXResourcesBuildPhase;
			buildActionMask = 2147483647;
			files = (
				29ED39CE2C1265B9005ADD72 /* Preview Assets.xcassets in Resources */,
				29ED39CB2C1265B9005ADD72 /* Assets.xcassets in Resources */,
			);
			runOnlyForDeploymentPostprocessing = 0;
		};
/* End PBXResourcesBuildPhase section */

/* Begin PBXSourcesBuildPhase section */
		29ED39BF2C1265B8005ADD72 /* Sources */ = {
			isa = PBXSourcesBuildPhase;
			buildActionMask = 2147483647;
			files = (
				29D18AFD2C193DF00066A851 /* CategoryForEach.swift in Sources */,
				29ED39D52C126848005ADD72 /* Recipe.swift in Sources */,
				29F5D7492C16D4CC00DF04CD /* RecipeCategory.swift in Sources */,
				2981F7552C20EB62001D31E9 /* UserData.swift in Sources */,
				29410A4F2C240E0F00DA7333 /* ForEachIngredient.swift in Sources */,
				2981F7572C20EF77001D31E9 /* AddRecipeView.swift in Sources */,
				29ED39C92C1265B8005ADD72 /* SpecificCategoryScene.swift in Sources */,
				29D0CD752C14211100701166 /* RecipeView.swift in Sources */,
				29BF19C72C1E5F2400E00598 /* RecipeNonListViews.swift in Sources */,
				29BF19C92C1E621500E00598 /* RecipeListView.swift in Sources */,
				29ED39C72C1265B8005ADD72 /* The_CookerApp.swift in Sources */,
			);
			runOnlyForDeploymentPostprocessing = 0;
		};
/* End PBXSourcesBuildPhase section */

/* Begin XCBuildConfiguration section */
		29ED39CF2C1265B9005ADD72 /* Debug */ = {
			isa = XCBuildConfiguration;
			buildSettings = {
				ALWAYS_SEARCH_USER_PATHS = NO;
				ASSETCATALOG_COMPILER_GENERATE_SWIFT_ASSET_SYMBOL_EXTENSIONS = YES;
				CLANG_ANALYZER_NONNULL = YES;
				CLANG_ANALYZER_NUMBER_OBJECT_CONVERSION = YES_AGGRESSIVE;
				CLANG_CXX_LANGUAGE_STANDARD = "gnu++20";
				CLANG_ENABLE_MODULES = YES;
				CLANG_ENABLE_OBJC_ARC = YES;
				CLANG_ENABLE_OBJC_WEAK = YES;
				CLANG_WARN_BLOCK_CAPTURE_AUTORELEASING = YES;
				CLANG_WARN_BOOL_CONVERSION = YES;
				CLANG_WARN_COMMA = YES;
				CLANG_WARN_CONSTANT_CONVERSION = YES;
				CLANG_WARN_DEPRECATED_OBJC_IMPLEMENTATIONS = YES;
				CLANG_WARN_DIRECT_OBJC_ISA_USAGE = YES_ERROR;
				CLANG_WARN_DOCUMENTATION_COMMENTS = YES;
				CLANG_WARN_EMPTY_BODY = YES;
				CLANG_WARN_ENUM_CONVERSION = YES;
				CLANG_WARN_INFINITE_RECURSION = YES;
				CLANG_WARN_INT_CONVERSION = YES;
				CLANG_WARN_NON_LITERAL_NULL_CONVERSION = YES;
				CLANG_WARN_OBJC_IMPLICIT_RETAIN_SELF = YES;
				CLANG_WARN_OBJC_LITERAL_CONVERSION = YES;
				CLANG_WARN_OBJC_ROOT_CLASS = YES_ERROR;
				CLANG_WARN_QUOTED_INCLUDE_IN_FRAMEWORK_HEADER = YES;
				CLANG_WARN_RANGE_LOOP_ANALYSIS = YES;
				CLANG_WARN_STRICT_PROTOTYPES = YES;
				CLANG_WARN_SUSPICIOUS_MOVE = YES;
				CLANG_WARN_UNGUARDED_AVAILABILITY = YES_AGGRESSIVE;
				CLANG_WARN_UNREACHABLE_CODE = YES;
				CLANG_WARN__DUPLICATE_METHOD_MATCH = YES;
				COPY_PHASE_STRIP = NO;
				DEBUG_INFORMATION_FORMAT = dwarf;
				ENABLE_STRICT_OBJC_MSGSEND = YES;
				ENABLE_TESTABILITY = YES;
				ENABLE_USER_SCRIPT_SANDBOXING = YES;
				GCC_C_LANGUAGE_STANDARD = gnu17;
				GCC_DYNAMIC_NO_PIC = NO;
				GCC_NO_COMMON_BLOCKS = YES;
				GCC_OPTIMIZATION_LEVEL = 0;
				GCC_PREPROCESSOR_DEFINITIONS = (
					"DEBUG=1",
					"$(inherited)",
				);
				GCC_WARN_64_TO_32_BIT_CONVERSION = YES;
				GCC_WARN_ABOUT_RETURN_TYPE = YES_ERROR;
				GCC_WARN_UNDECLARED_SELECTOR = YES;
				GCC_WARN_UNINITIALIZED_AUTOS = YES_AGGRESSIVE;
				GCC_WARN_UNUSED_FUNCTION = YES;
				GCC_WARN_UNUSED_VARIABLE = YES;
				IPHONEOS_DEPLOYMENT_TARGET = 17.5;
				LOCALIZATION_PREFERS_STRING_CATALOGS = YES;
				MTL_ENABLE_DEBUG_INFO = INCLUDE_SOURCE;
				MTL_FAST_MATH = YES;
				ONLY_ACTIVE_ARCH = YES;
				SDKROOT = iphoneos;
				SWIFT_ACTIVE_COMPILATION_CONDITIONS = "DEBUG $(inherited)";
				SWIFT_OPTIMIZATION_LEVEL = "-Onone";
			};
			name = Debug;
		};
		29ED39D02C1265B9005ADD72 /* Release */ = {
			isa = XCBuildConfiguration;
			buildSettings = {
				ALWAYS_SEARCH_USER_PATHS = NO;
				ASSETCATALOG_COMPILER_GENERATE_SWIFT_ASSET_SYMBOL_EXTENSIONS = YES;
				CLANG_ANALYZER_NONNULL = YES;
				CLANG_ANALYZER_NUMBER_OBJECT_CONVERSION = YES_AGGRESSIVE;
				CLANG_CXX_LANGUAGE_STANDARD = "gnu++20";
				CLANG_ENABLE_MODULES = YES;
				CLANG_ENABLE_OBJC_ARC = YES;
				CLANG_ENABLE_OBJC_WEAK = YES;
				CLANG_WARN_BLOCK_CAPTURE_AUTORELEASING = YES;
				CLANG_WARN_BOOL_CONVERSION = YES;
				CLANG_WARN_COMMA = YES;
				CLANG_WARN_CONSTANT_CONVERSION = YES;
				CLANG_WARN_DEPRECATED_OBJC_IMPLEMENTATIONS = YES;
				CLANG_WARN_DIRECT_OBJC_ISA_USAGE = YES_ERROR;
				CLANG_WARN_DOCUMENTATION_COMMENTS = YES;
				CLANG_WARN_EMPTY_BODY = YES;
				CLANG_WARN_ENUM_CONVERSION = YES;
				CLANG_WARN_INFINITE_RECURSION = YES;
				CLANG_WARN_INT_CONVERSION = YES;
				CLANG_WARN_NON_LITERAL_NULL_CONVERSION = YES;
				CLANG_WARN_OBJC_IMPLICIT_RETAIN_SELF = YES;
				CLANG_WARN_OBJC_LITERAL_CONVERSION = YES;
				CLANG_WARN_OBJC_ROOT_CLASS = YES_ERROR;
				CLANG_WARN_QUOTED_INCLUDE_IN_FRAMEWORK_HEADER = YES;
				CLANG_WARN_RANGE_LOOP_ANALYSIS = YES;
				CLANG_WARN_STRICT_PROTOTYPES = YES;
				CLANG_WARN_SUSPICIOUS_MOVE = YES;
				CLANG_WARN_UNGUARDED_AVAILABILITY = YES_AGGRESSIVE;
				CLANG_WARN_UNREACHABLE_CODE = YES;
				CLANG_WARN__DUPLICATE_METHOD_MATCH = YES;
				COPY_PHASE_STRIP = NO;
				DEBUG_INFORMATION_FORMAT = "dwarf-with-dsym";
				ENABLE_NS_ASSERTIONS = NO;
				ENABLE_STRICT_OBJC_MSGSEND = YES;
				ENABLE_USER_SCRIPT_SANDBOXING = YES;
				GCC_C_LANGUAGE_STANDARD = gnu17;
				GCC_NO_COMMON_BLOCKS = YES;
				GCC_WARN_64_TO_32_BIT_CONVERSION = YES;
				GCC_WARN_ABOUT_RETURN_TYPE = YES_ERROR;
				GCC_WARN_UNDECLARED_SELECTOR = YES;
				GCC_WARN_UNINITIALIZED_AUTOS = YES_AGGRESSIVE;
				GCC_WARN_UNUSED_FUNCTION = YES;
				GCC_WARN_UNUSED_VARIABLE = YES;
				IPHONEOS_DEPLOYMENT_TARGET = 17.5;
				LOCALIZATION_PREFERS_STRING_CATALOGS = YES;
				MTL_ENABLE_DEBUG_INFO = NO;
				MTL_FAST_MATH = YES;
				SDKROOT = iphoneos;
				SWIFT_COMPILATION_MODE = wholemodule;
				VALIDATE_PRODUCT = YES;
			};
			name = Release;
		};
		29ED39D22C1265B9005ADD72 /* Debug */ = {
			isa = XCBuildConfiguration;
			buildSettings = {
				ASSETCATALOG_COMPILER_APPICON_NAME = AppIcon;
				ASSETCATALOG_COMPILER_GLOBAL_ACCENT_COLOR_NAME = AccentColor;
				CODE_SIGN_STYLE = Automatic;
				CURRENT_PROJECT_VERSION = 1;
				DEVELOPMENT_ASSET_PATHS = "\"The Cooker/Preview Content\"";
				ENABLE_PREVIEWS = YES;
				GENERATE_INFOPLIST_FILE = YES;
				INFOPLIST_KEY_UIApplicationSceneManifest_Generation = YES;
				INFOPLIST_KEY_UIApplicationSupportsIndirectInputEvents = YES;
				INFOPLIST_KEY_UILaunchScreen_Generation = YES;
				INFOPLIST_KEY_UISupportedInterfaceOrientations_iPad = "UIInterfaceOrientationPortrait UIInterfaceOrientationPortraitUpsideDown UIInterfaceOrientationLandscapeLeft UIInterfaceOrientationLandscapeRight";
				INFOPLIST_KEY_UISupportedInterfaceOrientations_iPhone = "UIInterfaceOrientationPortrait UIInterfaceOrientationLandscapeLeft UIInterfaceOrientationLandscapeRight";
				LD_RUNPATH_SEARCH_PATHS = (
					"$(inherited)",
					"@executable_path/Frameworks",
				);
				MARKETING_VERSION = 1.0;
				PRODUCT_BUNDLE_IDENTIFIER = "com.nils.The-Cooker";
				PRODUCT_NAME = "$(TARGET_NAME)";
				SWIFT_EMIT_LOC_STRINGS = YES;
				SWIFT_VERSION = 5.0;
				TARGETED_DEVICE_FAMILY = "1,2";
			};
			name = Debug;
		};
		29ED39D32C1265B9005ADD72 /* Release */ = {
			isa = XCBuildConfiguration;
			buildSettings = {
				ASSETCATALOG_COMPILER_APPICON_NAME = AppIcon;
				ASSETCATALOG_COMPILER_GLOBAL_ACCENT_COLOR_NAME = AccentColor;
				CODE_SIGN_STYLE = Automatic;
				CURRENT_PROJECT_VERSION = 1;
				DEVELOPMENT_ASSET_PATHS = "\"The Cooker/Preview Content\"";
				ENABLE_PREVIEWS = YES;
				GENERATE_INFOPLIST_FILE = YES;
				INFOPLIST_KEY_UIApplicationSceneManifest_Generation = YES;
				INFOPLIST_KEY_UIApplicationSupportsIndirectInputEvents = YES;
				INFOPLIST_KEY_UILaunchScreen_Generation = YES;
				INFOPLIST_KEY_UISupportedInterfaceOrientations_iPad = "UIInterfaceOrientationPortrait UIInterfaceOrientationPortraitUpsideDown UIInterfaceOrientationLandscapeLeft UIInterfaceOrientationLandscapeRight";
				INFOPLIST_KEY_UISupportedInterfaceOrientations_iPhone = "UIInterfaceOrientationPortrait UIInterfaceOrientationLandscapeLeft UIInterfaceOrientationLandscapeRight";
				LD_RUNPATH_SEARCH_PATHS = (
					"$(inherited)",
					"@executable_path/Frameworks",
				);
				MARKETING_VERSION = 1.0;
				PRODUCT_BUNDLE_IDENTIFIER = "com.nils.The-Cooker";
				PRODUCT_NAME = "$(TARGET_NAME)";
				SWIFT_EMIT_LOC_STRINGS = YES;
				SWIFT_VERSION = 5.0;
				TARGETED_DEVICE_FAMILY = "1,2";
			};
			name = Release;
		};
/* End XCBuildConfiguration section */

/* Begin XCConfigurationList section */
		29ED39BE2C1265B8005ADD72 /* Build configuration list for PBXProject "The Cooker" */ = {
			isa = XCConfigurationList;
			buildConfigurations = (
				29ED39CF2C1265B9005ADD72 /* Debug */,
				29ED39D02C1265B9005ADD72 /* Release */,
			);
			defaultConfigurationIsVisible = 0;
			defaultConfigurationName = Release;
		};
		29ED39D12C1265B9005ADD72 /* Build configuration list for PBXNativeTarget "The Cooker" */ = {
			isa = XCConfigurationList;
			buildConfigurations = (
				29ED39D22C1265B9005ADD72 /* Debug */,
				29ED39D32C1265B9005ADD72 /* Release */,
			);
			defaultConfigurationIsVisible = 0;
			defaultConfigurationName = Release;
		};
/* End XCConfigurationList section */
	};
	rootObject = 29ED39BB2C1265B8005ADD72 /* Project object */;
}
